
Microsoft Visual Studio Solution File, Format Version 12.00
Project("{FAE04EC0-301F-11D3-BF4B-00C04F79EFBC}") = "quickBook", "quickBook\quickBook.csproj", "{6B665FDF-93A6-44C5-93A7-C6706EE6424C}"
EndProject
Global
	GlobalSection(SolutionConfigurationPlatforms) = preSolution
		Debug|Any CPU = Debug|Any CPU
		Release|Any CPU = Release|Any CPU
	EndGlobalSection
	GlobalSection(ProjectConfigurationPlatforms) = postSolution
		{6B665FDF-93A6-44C5-93A7-C6706EE6424C}.Debug|Any CPU.ActiveCfg = Debug|Any CPU
		{6B665FDF-93A6-44C5-93A7-C6706EE6424C}.Debug|Any CPU.Build.0 = Debug|Any CPU
		{6B665FDF-93A6-44C5-93A7-C6706EE6424C}.Release|Any CPU.ActiveCfg = Release|Any CPU
		{6B665FDF-93A6-44C5-93A7-C6706EE6424C}.Release|Any CPU.Build.0 = Release|Any CPU
	EndGlobalSection
EndGlobal
